// !$*UTF8*$!
{
	archiveVersion = 1;
	classes = {
	};
	objectVersion = 50;
	objects = {

/* Begin PBXBuildFile section */
		6ADED9B2433D97911356B904 /* Pods_MyiOSFramework.framework in Frameworks */ = {isa = PBXBuildFile; fileRef = 12010724F366FDA5BA160581 /* Pods_MyiOSFramework.framework */; };
		AD8F524520F6042300E765B8 /* AppDelegate.m in Sources */ = {isa = PBXBuildFile; fileRef = AD8F524420F6042300E765B8 /* AppDelegate.m */; };
		AD8F524820F6042300E765B8 /* MainViewController.m in Sources */ = {isa = PBXBuildFile; fileRef = AD8F524720F6042300E765B8 /* MainViewController.m */; };
		AD8F524D20F6042500E765B8 /* Assets.xcassets in Resources */ = {isa = PBXBuildFile; fileRef = AD8F524C20F6042500E765B8 /* Assets.xcassets */; };
		AD8F525020F6042500E765B8 /* LaunchScreen.storyboard in Resources */ = {isa = PBXBuildFile; fileRef = AD8F524E20F6042500E765B8 /* LaunchScreen.storyboard */; };
		AD8F525320F6042500E765B8 /* main.m in Sources */ = {isa = PBXBuildFile; fileRef = AD8F525220F6042500E765B8 /* main.m */; };
		AD8F525B20F60E0300E765B8 /* WWWBaseNavigationController.m in Sources */ = {isa = PBXBuildFile; fileRef = AD8F525A20F60E0300E765B8 /* WWWBaseNavigationController.m */; };
		AD8F526720F6FF4600E765B8 /* WWWTestViewController.m in Sources */ = {isa = PBXBuildFile; fileRef = AD8F526620F6FF4600E765B8 /* WWWTestViewController.m */; };
		AD8F526A20F708D500E765B8 /* WWWBaseViewController.m in Sources */ = {isa = PBXBuildFile; fileRef = AD8F526920F708D500E765B8 /* WWWBaseViewController.m */; };
		AD8F527120F7364300E765B8 /* getgateway.c in Sources */ = {isa = PBXBuildFile; fileRef = AD8F526C20F7364300E765B8 /* getgateway.c */; };
		AD8F527220F7364300E765B8 /* WWWWifiInfoManager.m in Sources */ = {isa = PBXBuildFile; fileRef = AD8F526F20F7364300E765B8 /* WWWWifiInfoManager.m */; };
		AD8F527420F736C500E765B8 /* WiFiInfoDirection in Resources */ = {isa = PBXBuildFile; fileRef = AD8F527320F736C500E765B8 /* WiFiInfoDirection */; };
		AD8F527820F73C1500E765B8 /* WWWTcpSocketStreamManager.m in Sources */ = {isa = PBXBuildFile; fileRef = AD8F527620F73C1500E765B8 /* WWWTcpSocketStreamManager.m */; };
		AD8F527B20F741B700E765B8 /* GCDAsyncSocket.m in Sources */ = {isa = PBXBuildFile; fileRef = AD8F527A20F741B700E765B8 /* GCDAsyncSocket.m */; };
		AD8F527D20F743F000E765B8 /* TCPSocketDirection in Resources */ = {isa = PBXBuildFile; fileRef = AD8F527C20F743F000E765B8 /* TCPSocketDirection */; };
		AD8F529A20FC350500E765B8 /* THCapture.m in Sources */ = {isa = PBXBuildFile; fileRef = AD8F529120FC350300E765B8 /* THCapture.m */; };
		AD8F529B20FC350500E765B8 /* THCaptureUtilities.m in Sources */ = {isa = PBXBuildFile; fileRef = AD8F529520FC350400E765B8 /* THCaptureUtilities.m */; };
		AD8F529D20FC350500E765B8 /* BlazeiceAudioRecordAndTransCoding.m in Sources */ = {isa = PBXBuildFile; fileRef = AD8F529820FC350500E765B8 /* BlazeiceAudioRecordAndTransCoding.m */; };
		AD8F529E20FC350500E765B8 /* RecordScreen in Resources */ = {isa = PBXBuildFile; fileRef = AD8F529920FC350500E765B8 /* RecordScreen */; };
		AD8F52A120FC4E1900E765B8 /* WWWRecordScreenManager.m in Sources */ = {isa = PBXBuildFile; fileRef = AD8F52A020FC4E1900E765B8 /* WWWRecordScreenManager.m */; };
		AD8F52A420FC702C00E765B8 /* WWWTools.m in Sources */ = {isa = PBXBuildFile; fileRef = AD8F52A320FC702C00E765B8 /* WWWTools.m */; };
		AD8F52A720FD80C300E765B8 /* ASScreenRecorder.m in Sources */ = {isa = PBXBuildFile; fileRef = AD8F52A520FD80C200E765B8 /* ASScreenRecorder.m */; };
		AD8F52AA20FD8AF100E765B8 /* UIButton+AddSelectorForClick.m in Sources */ = {isa = PBXBuildFile; fileRef = AD8F52A920FD8AF100E765B8 /* UIButton+AddSelectorForClick.m */; };
		AD8F52B020FF36B500E765B8 /* WWWBottomPickerViewManager.m in Sources */ = {isa = PBXBuildFile; fileRef = AD8F52AF20FF36B500E765B8 /* WWWBottomPickerViewManager.m */; };
		AD8F52B320FF36D300E765B8 /* WWWBottomPickerView.m in Sources */ = {isa = PBXBuildFile; fileRef = AD8F52B220FF36D300E765B8 /* WWWBottomPickerView.m */; };
		AD8F52B52100690800E765B8 /* WWWBottomPickerViewManager in Resources */ = {isa = PBXBuildFile; fileRef = AD8F52B42100690800E765B8 /* WWWBottomPickerViewManager */; };
		AD8F52BD21007BC700E765B8 /* WWWMulti_lineTextAlertViewManager.m in Sources */ = {isa = PBXBuildFile; fileRef = AD8F52BC21007BC700E765B8 /* WWWMulti_lineTextAlertViewManager.m */; };
		AD8F52C021007D7600E765B8 /* WWWMulti_lineTextAlertView.m in Sources */ = {isa = PBXBuildFile; fileRef = AD8F52BF21007D7600E765B8 /* WWWMulti_lineTextAlertView.m */; };
		AD8F52C2210083B600E765B8 /* Multi_lineTextAlertView in Resources */ = {isa = PBXBuildFile; fileRef = AD8F52C1210083B600E765B8 /* Multi_lineTextAlertView */; };
/* End PBXBuildFile section */

/* Begin PBXFileReference section */
		12010724F366FDA5BA160581 /* Pods_MyiOSFramework.framework */ = {isa = PBXFileReference; explicitFileType = wrapper.framework; includeInIndex = 0; path = Pods_MyiOSFramework.framework; sourceTree = BUILT_PRODUCTS_DIR; };
		93929609ADD4013021E37057 /* Pods-MyiOSFramework.release.xcconfig */ = {isa = PBXFileReference; includeInIndex = 1; lastKnownFileType = text.xcconfig; name = "Pods-MyiOSFramework.release.xcconfig"; path = "Pods/Target Support Files/Pods-MyiOSFramework/Pods-MyiOSFramework.release.xcconfig"; sourceTree = "<group>"; };
		AD8F524020F6042300E765B8 /* MyiOSFramework.app */ = {isa = PBXFileReference; explicitFileType = wrapper.application; includeInIndex = 0; path = MyiOSFramework.app; sourceTree = BUILT_PRODUCTS_DIR; };
		AD8F524320F6042300E765B8 /* AppDelegate.h */ = {isa = PBXFileReference; lastKnownFileType = sourcecode.c.h; path = AppDelegate.h; sourceTree = "<group>"; };
		AD8F524420F6042300E765B8 /* AppDelegate.m */ = {isa = PBXFileReference; lastKnownFileType = sourcecode.c.objc; path = AppDelegate.m; sourceTree = "<group>"; };
		AD8F524620F6042300E765B8 /* MainViewController.h */ = {isa = PBXFileReference; lastKnownFileType = sourcecode.c.h; path = MainViewController.h; sourceTree = "<group>"; };
		AD8F524720F6042300E765B8 /* MainViewController.m */ = {isa = PBXFileReference; lastKnownFileType = sourcecode.c.objc; path = MainViewController.m; sourceTree = "<group>"; };
		AD8F524C20F6042500E765B8 /* Assets.xcassets */ = {isa = PBXFileReference; lastKnownFileType = folder.assetcatalog; path = Assets.xcassets; sourceTree = "<group>"; };
		AD8F524F20F6042500E765B8 /* Base */ = {isa = PBXFileReference; lastKnownFileType = file.storyboard; name = Base; path = Base.lproj/LaunchScreen.storyboard; sourceTree = "<group>"; };
		AD8F525120F6042500E765B8 /* Info.plist */ = {isa = PBXFileReference; lastKnownFileType = text.plist.xml; path = Info.plist; sourceTree = "<group>"; };
		AD8F525220F6042500E765B8 /* main.m */ = {isa = PBXFileReference; lastKnownFileType = sourcecode.c.objc; path = main.m; sourceTree = "<group>"; };
		AD8F525920F60E0300E765B8 /* WWWBaseNavigationController.h */ = {isa = PBXFileReference; lastKnownFileType = sourcecode.c.h; path = WWWBaseNavigationController.h; sourceTree = "<group>"; };
		AD8F525A20F60E0300E765B8 /* WWWBaseNavigationController.m */ = {isa = PBXFileReference; lastKnownFileType = sourcecode.c.objc; path = WWWBaseNavigationController.m; sourceTree = "<group>"; };
		AD8F526020F6F7B800E765B8 /* PrefixHeader.pch */ = {isa = PBXFileReference; lastKnownFileType = sourcecode.c.h; path = PrefixHeader.pch; sourceTree = "<group>"; };
		AD8F526520F6FF4600E765B8 /* WWWTestViewController.h */ = {isa = PBXFileReference; lastKnownFileType = sourcecode.c.h; path = WWWTestViewController.h; sourceTree = "<group>"; };
		AD8F526620F6FF4600E765B8 /* WWWTestViewController.m */ = {isa = PBXFileReference; lastKnownFileType = sourcecode.c.objc; path = WWWTestViewController.m; sourceTree = "<group>"; };
		AD8F526820F708D500E765B8 /* WWWBaseViewController.h */ = {isa = PBXFileReference; lastKnownFileType = sourcecode.c.h; path = WWWBaseViewController.h; sourceTree = "<group>"; };
		AD8F526920F708D500E765B8 /* WWWBaseViewController.m */ = {isa = PBXFileReference; lastKnownFileType = sourcecode.c.objc; path = WWWBaseViewController.m; sourceTree = "<group>"; };
		AD8F526C20F7364300E765B8 /* getgateway.c */ = {isa = PBXFileReference; explicitFileType = sourcecode.c.objc; fileEncoding = 4; path = getgateway.c; sourceTree = "<group>"; };
		AD8F526D20F7364300E765B8 /* route.h */ = {isa = PBXFileReference; fileEncoding = 4; lastKnownFileType = sourcecode.c.h; path = route.h; sourceTree = "<group>"; };
		AD8F526E20F7364300E765B8 /* WWWWifiInfoManager.h */ = {isa = PBXFileReference; fileEncoding = 4; lastKnownFileType = sourcecode.c.h; path = WWWWifiInfoManager.h; sourceTree = "<group>"; };
		AD8F526F20F7364300E765B8 /* WWWWifiInfoManager.m */ = {isa = PBXFileReference; fileEncoding = 4; lastKnownFileType = sourcecode.c.objc; path = WWWWifiInfoManager.m; sourceTree = "<group>"; };
		AD8F527020F7364300E765B8 /* getgateway.h */ = {isa = PBXFileReference; fileEncoding = 4; lastKnownFileType = sourcecode.c.h; path = getgateway.h; sourceTree = "<group>"; };
		AD8F527320F736C500E765B8 /* WiFiInfoDirection */ = {isa = PBXFileReference; lastKnownFileType = text; path = WiFiInfoDirection; sourceTree = "<group>"; };
		AD8F527620F73C1500E765B8 /* WWWTcpSocketStreamManager.m */ = {isa = PBXFileReference; fileEncoding = 4; lastKnownFileType = sourcecode.c.objc; path = WWWTcpSocketStreamManager.m; sourceTree = "<group>"; };
		AD8F527720F73C1500E765B8 /* WWWTcpSocketStreamManager.h */ = {isa = PBXFileReference; fileEncoding = 4; lastKnownFileType = sourcecode.c.h; path = WWWTcpSocketStreamManager.h; sourceTree = "<group>"; };
		AD8F527920F741B700E765B8 /* GCDAsyncSocket.h */ = {isa = PBXFileReference; fileEncoding = 4; lastKnownFileType = sourcecode.c.h; path = GCDAsyncSocket.h; sourceTree = "<group>"; };
		AD8F527A20F741B700E765B8 /* GCDAsyncSocket.m */ = {isa = PBXFileReference; fileEncoding = 4; lastKnownFileType = sourcecode.c.objc; path = GCDAsyncSocket.m; sourceTree = "<group>"; };
		AD8F527C20F743F000E765B8 /* TCPSocketDirection */ = {isa = PBXFileReference; lastKnownFileType = text; path = TCPSocketDirection; sourceTree = "<group>"; };
		AD8F529120FC350300E765B8 /* THCapture.m */ = {isa = PBXFileReference; fileEncoding = 4; lastKnownFileType = sourcecode.c.objc; path = THCapture.m; sourceTree = "<group>"; };
		AD8F529320FC350400E765B8 /* BlazeiceAudioRecordAndTransCoding.h */ = {isa = PBXFileReference; fileEncoding = 4; lastKnownFileType = sourcecode.c.h; path = BlazeiceAudioRecordAndTransCoding.h; sourceTree = "<group>"; };
		AD8F529420FC350400E765B8 /* THCapture.h */ = {isa = PBXFileReference; fileEncoding = 4; lastKnownFileType = sourcecode.c.h; path = THCapture.h; sourceTree = "<group>"; };
		AD8F529520FC350400E765B8 /* THCaptureUtilities.m */ = {isa = PBXFileReference; fileEncoding = 4; lastKnownFileType = sourcecode.c.objc; path = THCaptureUtilities.m; sourceTree = "<group>"; };
		AD8F529620FC350400E765B8 /* THCaptureUtilities.h */ = {isa = PBXFileReference; fileEncoding = 4; lastKnownFileType = sourcecode.c.h; path = THCaptureUtilities.h; sourceTree = "<group>"; };
		AD8F529820FC350500E765B8 /* BlazeiceAudioRecordAndTransCoding.m */ = {isa = PBXFileReference; fileEncoding = 4; lastKnownFileType = sourcecode.c.objc; path = BlazeiceAudioRecordAndTransCoding.m; sourceTree = "<group>"; };
		AD8F529920FC350500E765B8 /* RecordScreen */ = {isa = PBXFileReference; fileEncoding = 4; lastKnownFileType = text; path = RecordScreen; sourceTree = "<group>"; };
		AD8F529F20FC4E1900E765B8 /* WWWRecordScreenManager.h */ = {isa = PBXFileReference; lastKnownFileType = sourcecode.c.h; path = WWWRecordScreenManager.h; sourceTree = "<group>"; };
		AD8F52A020FC4E1900E765B8 /* WWWRecordScreenManager.m */ = {isa = PBXFileReference; lastKnownFileType = sourcecode.c.objc; path = WWWRecordScreenManager.m; sourceTree = "<group>"; };
		AD8F52A220FC702C00E765B8 /* WWWTools.h */ = {isa = PBXFileReference; lastKnownFileType = sourcecode.c.h; path = WWWTools.h; sourceTree = "<group>"; };
		AD8F52A320FC702C00E765B8 /* WWWTools.m */ = {isa = PBXFileReference; lastKnownFileType = sourcecode.c.objc; path = WWWTools.m; sourceTree = "<group>"; };
		AD8F52A520FD80C200E765B8 /* ASScreenRecorder.m */ = {isa = PBXFileReference; fileEncoding = 4; lastKnownFileType = sourcecode.c.objc; path = ASScreenRecorder.m; sourceTree = "<group>"; };
		AD8F52A620FD80C200E765B8 /* ASScreenRecorder.h */ = {isa = PBXFileReference; fileEncoding = 4; lastKnownFileType = sourcecode.c.h; path = ASScreenRecorder.h; sourceTree = "<group>"; };
		AD8F52A820FD8AF100E765B8 /* UIButton+AddSelectorForClick.h */ = {isa = PBXFileReference; lastKnownFileType = sourcecode.c.h; path = "UIButton+AddSelectorForClick.h"; sourceTree = "<group>"; };
		AD8F52A920FD8AF100E765B8 /* UIButton+AddSelectorForClick.m */ = {isa = PBXFileReference; lastKnownFileType = sourcecode.c.objc; path = "UIButton+AddSelectorForClick.m"; sourceTree = "<group>"; };
		AD8F52AE20FF36B500E765B8 /* WWWBottomPickerViewManager.h */ = {isa = PBXFileReference; lastKnownFileType = sourcecode.c.h; path = WWWBottomPickerViewManager.h; sourceTree = "<group>"; };
		AD8F52AF20FF36B500E765B8 /* WWWBottomPickerViewManager.m */ = {isa = PBXFileReference; lastKnownFileType = sourcecode.c.objc; path = WWWBottomPickerViewManager.m; sourceTree = "<group>"; };
		AD8F52B120FF36D300E765B8 /* WWWBottomPickerView.h */ = {isa = PBXFileReference; lastKnownFileType = sourcecode.c.h; path = WWWBottomPickerView.h; sourceTree = "<group>"; };
		AD8F52B220FF36D300E765B8 /* WWWBottomPickerView.m */ = {isa = PBXFileReference; lastKnownFileType = sourcecode.c.objc; path = WWWBottomPickerView.m; sourceTree = "<group>"; };
		AD8F52B42100690800E765B8 /* WWWBottomPickerViewManager */ = {isa = PBXFileReference; lastKnownFileType = text; path = WWWBottomPickerViewManager; sourceTree = "<group>"; };
		AD8F52BB21007BC700E765B8 /* WWWMulti_lineTextAlertViewManager.h */ = {isa = PBXFileReference; lastKnownFileType = sourcecode.c.h; path = WWWMulti_lineTextAlertViewManager.h; sourceTree = "<group>"; };
		AD8F52BC21007BC700E765B8 /* WWWMulti_lineTextAlertViewManager.m */ = {isa = PBXFileReference; lastKnownFileType = sourcecode.c.objc; path = WWWMulti_lineTextAlertViewManager.m; sourceTree = "<group>"; };
		AD8F52BE21007D7600E765B8 /* WWWMulti_lineTextAlertView.h */ = {isa = PBXFileReference; lastKnownFileType = sourcecode.c.h; path = WWWMulti_lineTextAlertView.h; sourceTree = "<group>"; };
		AD8F52BF21007D7600E765B8 /* WWWMulti_lineTextAlertView.m */ = {isa = PBXFileReference; lastKnownFileType = sourcecode.c.objc; path = WWWMulti_lineTextAlertView.m; sourceTree = "<group>"; };
		AD8F52C1210083B600E765B8 /* Multi_lineTextAlertView */ = {isa = PBXFileReference; lastKnownFileType = text; path = Multi_lineTextAlertView; sourceTree = "<group>"; };
		E1A622592C483C09458951D7 /* Pods-MyiOSFramework.debug.xcconfig */ = {isa = PBXFileReference; includeInIndex = 1; lastKnownFileType = text.xcconfig; name = "Pods-MyiOSFramework.debug.xcconfig"; path = "Pods/Target Support Files/Pods-MyiOSFramework/Pods-MyiOSFramework.debug.xcconfig"; sourceTree = "<group>"; };
/* End PBXFileReference section */

/* Begin PBXFrameworksBuildPhase section */
		AD8F523D20F6042300E765B8 /* Frameworks */ = {
			isa = PBXFrameworksBuildPhase;
			buildActionMask = 2147483647;
			files = (
				6ADED9B2433D97911356B904 /* Pods_MyiOSFramework.framework in Frameworks */,
			);
			runOnlyForDeploymentPostprocessing = 0;
		};
/* End PBXFrameworksBuildPhase section */

/* Begin PBXGroup section */
		AD8F523720F6042300E765B8 = {
			isa = PBXGroup;
			children = (
				AD8F524220F6042300E765B8 /* MyiOSFramework */,
				AD8F524120F6042300E765B8 /* Products */,
				E251F7914D307428C78A8FFC /* Pods */,
				F6E2239E5B4B4C4700F5749E /* Frameworks */,
			);
			sourceTree = "<group>";
		};
		AD8F524120F6042300E765B8 /* Products */ = {
			isa = PBXGroup;
			children = (
				AD8F524020F6042300E765B8 /* MyiOSFramework.app */,
			);
			name = Products;
			sourceTree = "<group>";
		};
		AD8F524220F6042300E765B8 /* MyiOSFramework */ = {
			isa = PBXGroup;
			children = (
				AD8F525D20F6F19700E765B8 /* Common */,
				AD8F52AD20FF357000E765B8 /* UI */,
				AD8F525E20F6F25700E765B8 /* Base */,
				AD8F525F20F6F6F100E765B8 /* Resource */,
				AD8F526220F6FD3500E765B8 /* Unit */,
				AD8F526320F6FDDC00E765B8 /* Category */,
				AD8F526420F6FEAE00E765B8 /* Test */,
			);
			path = MyiOSFramework;
			sourceTree = "<group>";
		};
		AD8F525D20F6F19700E765B8 /* Common */ = {
			isa = PBXGroup;
			children = (
				AD8F525220F6042500E765B8 /* main.m */,
				AD8F526020F6F7B800E765B8 /* PrefixHeader.pch */,
				AD8F524320F6042300E765B8 /* AppDelegate.h */,
				AD8F524420F6042300E765B8 /* AppDelegate.m */,
				AD8F524620F6042300E765B8 /* MainViewController.h */,
				AD8F524720F6042300E765B8 /* MainViewController.m */,
				AD8F52A220FC702C00E765B8 /* WWWTools.h */,
				AD8F52A320FC702C00E765B8 /* WWWTools.m */,
				AD8F524E20F6042500E765B8 /* LaunchScreen.storyboard */,
				AD8F525120F6042500E765B8 /* Info.plist */,
			);
			path = Common;
			sourceTree = "<group>";
		};
		AD8F525E20F6F25700E765B8 /* Base */ = {
			isa = PBXGroup;
			children = (
				AD8F525920F60E0300E765B8 /* WWWBaseNavigationController.h */,
				AD8F525A20F60E0300E765B8 /* WWWBaseNavigationController.m */,
				AD8F526820F708D500E765B8 /* WWWBaseViewController.h */,
				AD8F526920F708D500E765B8 /* WWWBaseViewController.m */,
			);
			path = Base;
			sourceTree = "<group>";
		};
		AD8F525F20F6F6F100E765B8 /* Resource */ = {
			isa = PBXGroup;
			children = (
				AD8F524C20F6042500E765B8 /* Assets.xcassets */,
			);
			path = Resource;
			sourceTree = "<group>";
		};
		AD8F526220F6FD3500E765B8 /* Unit */ = {
			isa = PBXGroup;
			children = (
				AD8F529020FC34DB00E765B8 /* RecordScreen */,
				AD8F527520F73B6100E765B8 /* TCPSocket */,
				AD8F526B20F7361500E765B8 /* WiFiInfo */,
			);
			path = Unit;
			sourceTree = "<group>";
		};
		AD8F526320F6FDDC00E765B8 /* Category */ = {
			isa = PBXGroup;
			children = (
				AD8F52A820FD8AF100E765B8 /* UIButton+AddSelectorForClick.h */,
				AD8F52A920FD8AF100E765B8 /* UIButton+AddSelectorForClick.m */,
			);
			path = Category;
			sourceTree = "<group>";
		};
		AD8F526420F6FEAE00E765B8 /* Test */ = {
			isa = PBXGroup;
			children = (
				AD8F526520F6FF4600E765B8 /* WWWTestViewController.h */,
				AD8F526620F6FF4600E765B8 /* WWWTestViewController.m */,
			);
			path = Test;
			sourceTree = "<group>";
		};
		AD8F526B20F7361500E765B8 /* WiFiInfo */ = {
			isa = PBXGroup;
			children = (
				AD8F526C20F7364300E765B8 /* getgateway.c */,
				AD8F527020F7364300E765B8 /* getgateway.h */,
				AD8F526D20F7364300E765B8 /* route.h */,
				AD8F526E20F7364300E765B8 /* WWWWifiInfoManager.h */,
				AD8F526F20F7364300E765B8 /* WWWWifiInfoManager.m */,
				AD8F527320F736C500E765B8 /* WiFiInfoDirection */,
			);
			path = WiFiInfo;
			sourceTree = "<group>";
		};
		AD8F527520F73B6100E765B8 /* TCPSocket */ = {
			isa = PBXGroup;
			children = (
				AD8F527720F73C1500E765B8 /* WWWTcpSocketStreamManager.h */,
				AD8F527620F73C1500E765B8 /* WWWTcpSocketStreamManager.m */,
				AD8F527920F741B700E765B8 /* GCDAsyncSocket.h */,
				AD8F527A20F741B700E765B8 /* GCDAsyncSocket.m */,
				AD8F527C20F743F000E765B8 /* TCPSocketDirection */,
			);
			path = TCPSocket;
			sourceTree = "<group>";
		};
		AD8F529020FC34DB00E765B8 /* RecordScreen */ = {
			isa = PBXGroup;
			children = (
				AD8F529F20FC4E1900E765B8 /* WWWRecordScreenManager.h */,
				AD8F52A020FC4E1900E765B8 /* WWWRecordScreenManager.m */,
				AD8F529320FC350400E765B8 /* BlazeiceAudioRecordAndTransCoding.h */,
				AD8F529820FC350500E765B8 /* BlazeiceAudioRecordAndTransCoding.m */,
				AD8F529420FC350400E765B8 /* THCapture.h */,
				AD8F529120FC350300E765B8 /* THCapture.m */,
				AD8F529620FC350400E765B8 /* THCaptureUtilities.h */,
				AD8F529520FC350400E765B8 /* THCaptureUtilities.m */,
				AD8F52A620FD80C200E765B8 /* ASScreenRecorder.h */,
				AD8F52A520FD80C200E765B8 /* ASScreenRecorder.m */,
				AD8F529920FC350500E765B8 /* RecordScreen */,
			);
			path = RecordScreen;
			sourceTree = "<group>";
		};
		AD8F52AD20FF357000E765B8 /* UI */ = {
			isa = PBXGroup;
			children = (
				AD8F52B72100768100E765B8 /* Multi-lineTextAlertView */,
				AD8F52B62100753400E765B8 /* BottomPickerView */,
			);
			path = UI;
			sourceTree = "<group>";
		};
		AD8F52B62100753400E765B8 /* BottomPickerView */ = {
			isa = PBXGroup;
			children = (
				AD8F52AE20FF36B500E765B8 /* WWWBottomPickerViewManager.h */,
				AD8F52AF20FF36B500E765B8 /* WWWBottomPickerViewManager.m */,
				AD8F52B120FF36D300E765B8 /* WWWBottomPickerView.h */,
				AD8F52B220FF36D300E765B8 /* WWWBottomPickerView.m */,
				AD8F52B42100690800E765B8 /* WWWBottomPickerViewManager */,
			);
			path = BottomPickerView;
			sourceTree = "<group>";
		};
		AD8F52B72100768100E765B8 /* Multi-lineTextAlertView */ = {
			isa = PBXGroup;
			children = (
				AD8F52BB21007BC700E765B8 /* WWWMulti_lineTextAlertViewManager.h */,
				AD8F52BC21007BC700E765B8 /* WWWMulti_lineTextAlertViewManager.m */,
				AD8F52BE21007D7600E765B8 /* WWWMulti_lineTextAlertView.h */,
				AD8F52BF21007D7600E765B8 /* WWWMulti_lineTextAlertView.m */,
				AD8F52C1210083B600E765B8 /* Multi_lineTextAlertView */,
			);
			path = "Multi-lineTextAlertView";
			sourceTree = "<group>";
		};
		E251F7914D307428C78A8FFC /* Pods */ = {
			isa = PBXGroup;
			children = (
				E1A622592C483C09458951D7 /* Pods-MyiOSFramework.debug.xcconfig */,
				93929609ADD4013021E37057 /* Pods-MyiOSFramework.release.xcconfig */,
			);
			name = Pods;
			sourceTree = "<group>";
		};
		F6E2239E5B4B4C4700F5749E /* Frameworks */ = {
			isa = PBXGroup;
			children = (
				12010724F366FDA5BA160581 /* Pods_MyiOSFramework.framework */,
			);
			name = Frameworks;
			sourceTree = "<group>";
		};
/* End PBXGroup section */

/* Begin PBXNativeTarget section */
		AD8F523F20F6042300E765B8 /* MyiOSFramework */ = {
			isa = PBXNativeTarget;
			buildConfigurationList = AD8F525620F6042500E765B8 /* Build configuration list for PBXNativeTarget "MyiOSFramework" */;
			buildPhases = (
				43116DDD2505A4056C2F6E80 /* [CP] Check Pods Manifest.lock */,
				AD8F523C20F6042300E765B8 /* Sources */,
				AD8F523D20F6042300E765B8 /* Frameworks */,
				AD8F523E20F6042300E765B8 /* Resources */,
				EF0B9BDE6D5B2AABF88509AA /* [CP] Embed Pods Frameworks */,
			);
			buildRules = (
			);
			dependencies = (
			);
			name = MyiOSFramework;
			productName = MyiOSFramework;
			productReference = AD8F524020F6042300E765B8 /* MyiOSFramework.app */;
			productType = "com.apple.product-type.application";
		};
/* End PBXNativeTarget section */

/* Begin PBXProject section */
		AD8F523820F6042300E765B8 /* Project object */ = {
			isa = PBXProject;
			attributes = {
				CLASSPREFIX = WWW;
				LastUpgradeCheck = 0930;
				ORGANIZATIONNAME = "Weiwei Wang";
				TargetAttributes = {
					AD8F523F20F6042300E765B8 = {
						CreatedOnToolsVersion = 9.3;
					};
				};
			};
			buildConfigurationList = AD8F523B20F6042300E765B8 /* Build configuration list for PBXProject "MyiOSFramework" */;
			compatibilityVersion = "Xcode 9.3";
			developmentRegion = en;
			hasScannedForEncodings = 0;
			knownRegions = (
				en,
				Base,
			);
			mainGroup = AD8F523720F6042300E765B8;
			productRefGroup = AD8F524120F6042300E765B8 /* Products */;
			projectDirPath = "";
			projectRoot = "";
			targets = (
				AD8F523F20F6042300E765B8 /* MyiOSFramework */,
			);
		};
/* End PBXProject section */

/* Begin PBXResourcesBuildPhase section */
		AD8F523E20F6042300E765B8 /* Resources */ = {
			isa = PBXResourcesBuildPhase;
			buildActionMask = 2147483647;
			files = (
				AD8F527420F736C500E765B8 /* WiFiInfoDirection in Resources */,
				AD8F525020F6042500E765B8 /* LaunchScreen.storyboard in Resources */,
				AD8F524D20F6042500E765B8 /* Assets.xcassets in Resources */,
				AD8F527D20F743F000E765B8 /* TCPSocketDirection in Resources */,
				AD8F52B52100690800E765B8 /* WWWBottomPickerViewManager in Resources */,
				AD8F52C2210083B600E765B8 /* Multi_lineTextAlertView in Resources */,
				AD8F529E20FC350500E765B8 /* RecordScreen in Resources */,
			);
			runOnlyForDeploymentPostprocessing = 0;
		};
/* End PBXResourcesBuildPhase section */

/* Begin PBXShellScriptBuildPhase section */
		43116DDD2505A4056C2F6E80 /* [CP] Check Pods Manifest.lock */ = {
			isa = PBXShellScriptBuildPhase;
			buildActionMask = 2147483647;
			files = (
			);
			inputPaths = (
				"${PODS_PODFILE_DIR_PATH}/Podfile.lock",
				"${PODS_ROOT}/Manifest.lock",
			);
			name = "[CP] Check Pods Manifest.lock";
			outputPaths = (
				"$(DERIVED_FILE_DIR)/Pods-MyiOSFramework-checkManifestLockResult.txt",
			);
			runOnlyForDeploymentPostprocessing = 0;
			shellPath = /bin/sh;
			shellScript = "diff \"${PODS_PODFILE_DIR_PATH}/Podfile.lock\" \"${PODS_ROOT}/Manifest.lock\" > /dev/null\nif [ $? != 0 ] ; then\n    # print error to STDERR\n    echo \"error: The sandbox is not in sync with the Podfile.lock. Run 'pod install' or update your CocoaPods installation.\" >&2\n    exit 1\nfi\n# This output is used by Xcode 'outputs' to avoid re-running this script phase.\necho \"SUCCESS\" > \"${SCRIPT_OUTPUT_FILE_0}\"\n";
			showEnvVarsInLog = 0;
		};
		EF0B9BDE6D5B2AABF88509AA /* [CP] Embed Pods Frameworks */ = {
			isa = PBXShellScriptBuildPhase;
			buildActionMask = 2147483647;
			files = (
			);
			inputPaths = (
				"${SRCROOT}/Pods/Target Support Files/Pods-MyiOSFramework/Pods-MyiOSFramework-frameworks.sh",
				"${BUILT_PRODUCTS_DIR}/MQTTClient/MQTTClient.framework",
				"${BUILT_PRODUCTS_DIR}/Masonry/Masonry.framework",
				"${BUILT_PRODUCTS_DIR}/SDWebImage/SDWebImage.framework",
				"${BUILT_PRODUCTS_DIR}/SSZipArchive/SSZipArchive.framework",
			);
			name = "[CP] Embed Pods Frameworks";
			outputPaths = (
				"${TARGET_BUILD_DIR}/${FRAMEWORKS_FOLDER_PATH}/MQTTClient.framework",
				"${TARGET_BUILD_DIR}/${FRAMEWORKS_FOLDER_PATH}/Masonry.framework",
				"${TARGET_BUILD_DIR}/${FRAMEWORKS_FOLDER_PATH}/SDWebImage.framework",
				"${TARGET_BUILD_DIR}/${FRAMEWORKS_FOLDER_PATH}/SSZipArchive.framework",
			);
			runOnlyForDeploymentPostprocessing = 0;
			shellPath = /bin/sh;
			shellScript = "\"${SRCROOT}/Pods/Target Support Files/Pods-MyiOSFramework/Pods-MyiOSFramework-frameworks.sh\"\n";
			showEnvVarsInLog = 0;
		};
/* End PBXShellScriptBuildPhase section */

/* Begin PBXSourcesBuildPhase section */
		AD8F523C20F6042300E765B8 /* Sources */ = {
			isa = PBXSourcesBuildPhase;
			buildActionMask = 2147483647;
			files = (
				AD8F525B20F60E0300E765B8 /* WWWBaseNavigationController.m in Sources */,
				AD8F52BD21007BC700E765B8 /* WWWMulti_lineTextAlertViewManager.m in Sources */,
				AD8F526A20F708D500E765B8 /* WWWBaseViewController.m in Sources */,
				AD8F52AA20FD8AF100E765B8 /* UIButton+AddSelectorForClick.m in Sources */,
				AD8F524820F6042300E765B8 /* MainViewController.m in Sources */,
				AD8F527820F73C1500E765B8 /* WWWTcpSocketStreamManager.m in Sources */,
				AD8F52B320FF36D300E765B8 /* WWWBottomPickerView.m in Sources */,
				AD8F525320F6042500E765B8 /* main.m in Sources */,
				AD8F527120F7364300E765B8 /* getgateway.c in Sources */,
				AD8F527B20F741B700E765B8 /* GCDAsyncSocket.m in Sources */,
				AD8F52A720FD80C300E765B8 /* ASScreenRecorder.m in Sources */,
				AD8F52A120FC4E1900E765B8 /* WWWRecordScreenManager.m in Sources */,
				AD8F524520F6042300E765B8 /* AppDelegate.m in Sources */,
				AD8F52C021007D7600E765B8 /* WWWMulti_lineTextAlertView.m in Sources */,
				AD8F52B020FF36B500E765B8 /* WWWBottomPickerViewManager.m in Sources */,
				AD8F529A20FC350500E765B8 /* THCapture.m in Sources */,
				AD8F52A420FC702C00E765B8 /* WWWTools.m in Sources */,
				AD8F526720F6FF4600E765B8 /* WWWTestViewController.m in Sources */,
				AD8F529D20FC350500E765B8 /* BlazeiceAudioRecordAndTransCoding.m in Sources */,
				AD8F527220F7364300E765B8 /* WWWWifiInfoManager.m in Sources */,
				AD8F529B20FC350500E765B8 /* THCaptureUtilities.m in Sources */,
			);
			runOnlyForDeploymentPostprocessing = 0;
		};
/* End PBXSourcesBuildPhase section */

/* Begin PBXVariantGroup section */
		AD8F524E20F6042500E765B8 /* LaunchScreen.storyboard */ = {
			isa = PBXVariantGroup;
			children = (
				AD8F524F20F6042500E765B8 /* Base */,
			);
			name = LaunchScreen.storyboard;
			sourceTree = "<group>";
		};
/* End PBXVariantGroup section */

/* Begin XCBuildConfiguration section */
		AD8F525420F6042500E765B8 /* Debug */ = {
			isa = XCBuildConfiguration;
			buildSettings = {
				ALWAYS_SEARCH_USER_PATHS = NO;
				CLANG_ANALYZER_NONNULL = YES;
				CLANG_ANALYZER_NUMBER_OBJECT_CONVERSION = YES_AGGRESSIVE;
				CLANG_CXX_LANGUAGE_STANDARD = "gnu++14";
				CLANG_CXX_LIBRARY = "libc++";
				CLANG_ENABLE_MODULES = YES;
				CLANG_ENABLE_OBJC_ARC = YES;
				CLANG_ENABLE_OBJC_WEAK = YES;
				CLANG_WARN_BLOCK_CAPTURE_AUTORELEASING = YES;
				CLANG_WARN_BOOL_CONVERSION = YES;
				CLANG_WARN_COMMA = YES;
				CLANG_WARN_CONSTANT_CONVERSION = YES;
				CLANG_WARN_DEPRECATED_OBJC_IMPLEMENTATIONS = YES;
				CLANG_WARN_DIRECT_OBJC_ISA_USAGE = YES_ERROR;
				CLANG_WARN_DOCUMENTATION_COMMENTS = YES;
				CLANG_WARN_EMPTY_BODY = YES;
				CLANG_WARN_ENUM_CONVERSION = YES;
				CLANG_WARN_INFINITE_RECURSION = YES;
				CLANG_WARN_INT_CONVERSION = YES;
				CLANG_WARN_NON_LITERAL_NULL_CONVERSION = YES;
				CLANG_WARN_OBJC_IMPLICIT_RETAIN_SELF = YES;
				CLANG_WARN_OBJC_LITERAL_CONVERSION = YES;
				CLANG_WARN_OBJC_ROOT_CLASS = YES_ERROR;
				CLANG_WARN_RANGE_LOOP_ANALYSIS = YES;
				CLANG_WARN_STRICT_PROTOTYPES = YES;
				CLANG_WARN_SUSPICIOUS_MOVE = YES;
				CLANG_WARN_UNGUARDED_AVAILABILITY = YES_AGGRESSIVE;
				CLANG_WARN_UNREACHABLE_CODE = YES;
				CLANG_WARN__DUPLICATE_METHOD_MATCH = YES;
				CODE_SIGN_IDENTITY = "iPhone Developer";
				COPY_PHASE_STRIP = NO;
				DEBUG_INFORMATION_FORMAT = dwarf;
				ENABLE_STRICT_OBJC_MSGSEND = YES;
				ENABLE_TESTABILITY = YES;
				GCC_C_LANGUAGE_STANDARD = gnu11;
				GCC_DYNAMIC_NO_PIC = NO;
				GCC_NO_COMMON_BLOCKS = YES;
				GCC_OPTIMIZATION_LEVEL = 0;
				GCC_PREPROCESSOR_DEFINITIONS = (
					"DEBUG=1",
					"$(inherited)",
				);
				GCC_WARN_64_TO_32_BIT_CONVERSION = YES;
				GCC_WARN_ABOUT_RETURN_TYPE = YES_ERROR;
				GCC_WARN_UNDECLARED_SELECTOR = YES;
				GCC_WARN_UNINITIALIZED_AUTOS = YES_AGGRESSIVE;
				GCC_WARN_UNUSED_FUNCTION = YES;
				GCC_WARN_UNUSED_VARIABLE = YES;
				IPHONEOS_DEPLOYMENT_TARGET = 11.3;
				MTL_ENABLE_DEBUG_INFO = YES;
				ONLY_ACTIVE_ARCH = YES;
				SDKROOT = iphoneos;
			};
			name = Debug;
		};
		AD8F525520F6042500E765B8 /* Release */ = {
			isa = XCBuildConfiguration;
			buildSettings = {
				ALWAYS_SEARCH_USER_PATHS = NO;
				CLANG_ANALYZER_NONNULL = YES;
				CLANG_ANALYZER_NUMBER_OBJECT_CONVERSION = YES_AGGRESSIVE;
				CLANG_CXX_LANGUAGE_STANDARD = "gnu++14";
				CLANG_CXX_LIBRARY = "libc++";
				CLANG_ENABLE_MODULES = YES;
				CLANG_ENABLE_OBJC_ARC = YES;
				CLANG_ENABLE_OBJC_WEAK = YES;
				CLANG_WARN_BLOCK_CAPTURE_AUTORELEASING = YES;
				CLANG_WARN_BOOL_CONVERSION = YES;
				CLANG_WARN_COMMA = YES;
				CLANG_WARN_CONSTANT_CONVERSION = YES;
				CLANG_WARN_DEPRECATED_OBJC_IMPLEMENTATIONS = YES;
				CLANG_WARN_DIRECT_OBJC_ISA_USAGE = YES_ERROR;
				CLANG_WARN_DOCUMENTATION_COMMENTS = YES;
				CLANG_WARN_EMPTY_BODY = YES;
				CLANG_WARN_ENUM_CONVERSION = YES;
				CLANG_WARN_INFINITE_RECURSION = YES;
				CLANG_WARN_INT_CONVERSION = YES;
				CLANG_WARN_NON_LITERAL_NULL_CONVERSION = YES;
				CLANG_WARN_OBJC_IMPLICIT_RETAIN_SELF = YES;
				CLANG_WARN_OBJC_LITERAL_CONVERSION = YES;
				CLANG_WARN_OBJC_ROOT_CLASS = YES_ERROR;
				CLANG_WARN_RANGE_LOOP_ANALYSIS = YES;
				CLANG_WARN_STRICT_PROTOTYPES = YES;
				CLANG_WARN_SUSPICIOUS_MOVE = YES;
				CLANG_WARN_UNGUARDED_AVAILABILITY = YES_AGGRESSIVE;
				CLANG_WARN_UNREACHABLE_CODE = YES;
				CLANG_WARN__DUPLICATE_METHOD_MATCH = YES;
				CODE_SIGN_IDENTITY = "iPhone Developer";
				COPY_PHASE_STRIP = NO;
				DEBUG_INFORMATION_FORMAT = "dwarf-with-dsym";
				ENABLE_NS_ASSERTIONS = NO;
				ENABLE_STRICT_OBJC_MSGSEND = YES;
				GCC_C_LANGUAGE_STANDARD = gnu11;
				GCC_NO_COMMON_BLOCKS = YES;
				GCC_WARN_64_TO_32_BIT_CONVERSION = YES;
				GCC_WARN_ABOUT_RETURN_TYPE = YES_ERROR;
				GCC_WARN_UNDECLARED_SELECTOR = YES;
				GCC_WARN_UNINITIALIZED_AUTOS = YES_AGGRESSIVE;
				GCC_WARN_UNUSED_FUNCTION = YES;
				GCC_WARN_UNUSED_VARIABLE = YES;
				IPHONEOS_DEPLOYMENT_TARGET = 11.3;
				MTL_ENABLE_DEBUG_INFO = NO;
				SDKROOT = iphoneos;
				VALIDATE_PRODUCT = YES;
			};
			name = Release;
		};
		AD8F525720F6042500E765B8 /* Debug */ = {
			isa = XCBuildConfiguration;
			baseConfigurationReference = E1A622592C483C09458951D7 /* Pods-MyiOSFramework.debug.xcconfig */;
			buildSettings = {
				ASSETCATALOG_COMPILER_APPICON_NAME = AppIcon;
				CODE_SIGN_STYLE = Automatic;
				DEVELOPMENT_TEAM = W33P5S72D3;
				GCC_PRECOMPILE_PREFIX_HEADER = YES;
				GCC_PREFIX_HEADER = "$(SRCROOT)/MyiOSFramework/Common/PrefixHeader.pch";
				INFOPLIST_FILE = MyiOSFramework/Common/Info.plist;
				IPHONEOS_DEPLOYMENT_TARGET = 9.0;
				LD_RUNPATH_SEARCH_PATHS = (
					"$(inherited)",
					"@executable_path/Frameworks",
				);
				PRODUCT_BUNDLE_IDENTIFIER = com.www.MyiOSFramework;
				PRODUCT_NAME = "$(TARGET_NAME)";
				TARGETED_DEVICE_FAMILY = 1;
			};
			name = Debug;
		};
		AD8F525820F6042500E765B8 /* Release */ = {
			isa = XCBuildConfiguration;
			baseConfigurationReference = 93929609ADD4013021E37057 /* Pods-MyiOSFramework.release.xcconfig */;
			buildSettings = {
				ASSETCATALOG_COMPILER_APPICON_NAME = AppIcon;
				CODE_SIGN_STYLE = Automatic;
				DEVELOPMENT_TEAM = W33P5S72D3;
				GCC_PRECOMPILE_PREFIX_HEADER = YES;
				GCC_PREFIX_HEADER = "$(SRCROOT)/MyiOSFramework/Common/PrefixHeader.pch";
				INFOPLIST_FILE = MyiOSFramework/Common/Info.plist;
				IPHONEOS_DEPLOYMENT_TARGET = 9.0;
				LD_RUNPATH_SEARCH_PATHS = (
					"$(inherited)",
					"@executable_path/Frameworks",
				);
				PRODUCT_BUNDLE_IDENTIFIER = com.www.MyiOSFramework;
				PRODUCT_NAME = "$(TARGET_NAME)";
				TARGETED_DEVICE_FAMILY = 1;
			};
			name = Release;
		};
/* End XCBuildConfiguration section */

/* Begin XCConfigurationList section */
		AD8F523B20F6042300E765B8 /* Build configuration list for PBXProject "MyiOSFramework" */ = {
			isa = XCConfigurationList;
			buildConfigurations = (
				AD8F525420F6042500E765B8 /* Debug */,
				AD8F525520F6042500E765B8 /* Release */,
			);
			defaultConfigurationIsVisible = 0;
			defaultConfigurationName = Release;
		};
		AD8F525620F6042500E765B8 /* Build configuration list for PBXNativeTarget "MyiOSFramework" */ = {
			isa = XCConfigurationList;
			buildConfigurations = (
				AD8F525720F6042500E765B8 /* Debug */,
				AD8F525820F6042500E765B8 /* Release */,
			);
			defaultConfigurationIsVisible = 0;
			defaultConfigurationName = Release;
		};
/* End XCConfigurationList section */
	};
	rootObject = AD8F523820F6042300E765B8 /* Project object */;
}
